// !$*UTF8*$!
{
	archiveVersion = 1;
	classes = {
	};
	objectVersion = 52;
	objects = {

/* Begin PBXBuildFile section */
		6023A53F26690F2E00F8C57A /* AppDelegate.swift in Sources */ = {isa = PBXBuildFile; fileRef = 6023A53E26690F2E00F8C57A /* AppDelegate.swift */; };
		6023A54126690F2E00F8C57A /* SceneDelegate.swift in Sources */ = {isa = PBXBuildFile; fileRef = 6023A54026690F2E00F8C57A /* SceneDelegate.swift */; };
		6023A54526690F2F00F8C57A /* Assets.xcassets in Resources */ = {isa = PBXBuildFile; fileRef = 6023A54426690F2F00F8C57A /* Assets.xcassets */; };
		6023A54826690F2F00F8C57A /* Preview Assets.xcassets in Resources */ = {isa = PBXBuildFile; fileRef = 6023A54726690F2F00F8C57A /* Preview Assets.xcassets */; };
		6023A54B26690F2F00F8C57A /* LaunchScreen.storyboard in Resources */ = {isa = PBXBuildFile; fileRef = 6023A54926690F2F00F8C57A /* LaunchScreen.storyboard */; };
		608259FA266E632200FF28DE /* SettingsView.swift in Sources */ = {isa = PBXBuildFile; fileRef = 608259F9266E632200FF28DE /* SettingsView.swift */; };
		608259FC266E636500FF28DE /* PullRequestsView.swift in Sources */ = {isa = PBXBuildFile; fileRef = 608259FB266E636500FF28DE /* PullRequestsView.swift */; };
		60A6B7FF266CEA340088634D /* MainView.swift in Sources */ = {isa = PBXBuildFile; fileRef = 60A6B7FE266CEA340088634D /* MainView.swift */; };
		60A6B801266CEA510088634D /* MainController.swift in Sources */ = {isa = PBXBuildFile; fileRef = 60A6B800266CEA510088634D /* MainController.swift */; };
		60ADF8F3266A69A200B7D861 /* LoginView.swift in Sources */ = {isa = PBXBuildFile; fileRef = 60ADF8F2266A69A200B7D861 /* LoginView.swift */; };
		60ADF8F6266A6E4100B7D861 /* LoginController.swift in Sources */ = {isa = PBXBuildFile; fileRef = 60ADF8F5266A6E4100B7D861 /* LoginController.swift */; };
		60ADF8F8266A6FC500B7D861 /* BoomerLib in Frameworks */ = {isa = PBXBuildFile; productRef = 60ADF8F7266A6FC500B7D861 /* BoomerLib */; };
/* End PBXBuildFile section */

/* Begin PBXFileReference section */
		6023A53B26690F2E00F8C57A /* Boomer.app */ = {isa = PBXFileReference; explicitFileType = wrapper.application; includeInIndex = 0; path = Boomer.app; sourceTree = BUILT_PRODUCTS_DIR; };
		6023A53E26690F2E00F8C57A /* AppDelegate.swift */ = {isa = PBXFileReference; lastKnownFileType = sourcecode.swift; path = AppDelegate.swift; sourceTree = "<group>"; };
		6023A54026690F2E00F8C57A /* SceneDelegate.swift */ = {isa = PBXFileReference; lastKnownFileType = sourcecode.swift; path = SceneDelegate.swift; sourceTree = "<group>"; };
		6023A54426690F2F00F8C57A /* Assets.xcassets */ = {isa = PBXFileReference; lastKnownFileType = folder.assetcatalog; path = Assets.xcassets; sourceTree = "<group>"; };
		6023A54726690F2F00F8C57A /* Preview Assets.xcassets */ = {isa = PBXFileReference; lastKnownFileType = folder.assetcatalog; path = "Preview Assets.xcassets"; sourceTree = "<group>"; };
		6023A54A26690F2F00F8C57A /* Base */ = {isa = PBXFileReference; lastKnownFileType = file.storyboard; name = Base; path = Base.lproj/LaunchScreen.storyboard; sourceTree = "<group>"; };
		6023A54C26690F2F00F8C57A /* Info.plist */ = {isa = PBXFileReference; lastKnownFileType = text.plist.xml; path = Info.plist; sourceTree = "<group>"; };
		608259F9266E632200FF28DE /* SettingsView.swift */ = {isa = PBXFileReference; lastKnownFileType = sourcecode.swift; path = SettingsView.swift; sourceTree = "<group>"; };
		608259FB266E636500FF28DE /* PullRequestsView.swift */ = {isa = PBXFileReference; lastKnownFileType = sourcecode.swift; path = PullRequestsView.swift; sourceTree = "<group>"; };
		60A6B7FE266CEA340088634D /* MainView.swift */ = {isa = PBXFileReference; lastKnownFileType = sourcecode.swift; path = MainView.swift; sourceTree = "<group>"; };
		60A6B800266CEA510088634D /* MainController.swift */ = {isa = PBXFileReference; lastKnownFileType = sourcecode.swift; path = MainController.swift; sourceTree = "<group>"; };
		60ADF8EF266A694000B7D861 /* BoomerLib */ = {isa = PBXFileReference; lastKnownFileType = folder; path = BoomerLib; sourceTree = "<group>"; };
		60ADF8F2266A69A200B7D861 /* LoginView.swift */ = {isa = PBXFileReference; fileEncoding = 4; lastKnownFileType = sourcecode.swift; path = LoginView.swift; sourceTree = "<group>"; };
		60ADF8F4266A6A5800B7D861 /* Boomer.entitlements */ = {isa = PBXFileReference; lastKnownFileType = text.plist.entitlements; path = Boomer.entitlements; sourceTree = "<group>"; };
		60ADF8F5266A6E4100B7D861 /* LoginController.swift */ = {isa = PBXFileReference; lastKnownFileType = sourcecode.swift; path = LoginController.swift; sourceTree = "<group>"; };
/* End PBXFileReference section */

/* Begin PBXFrameworksBuildPhase section */
		6023A53826690F2E00F8C57A /* Frameworks */ = {
			isa = PBXFrameworksBuildPhase;
			buildActionMask = 2147483647;
			files = (
				60ADF8F8266A6FC500B7D861 /* BoomerLib in Frameworks */,
			);
			runOnlyForDeploymentPostprocessing = 0;
		};
/* End PBXFrameworksBuildPhase section */

/* Begin PBXGroup section */
		6023A53226690F2E00F8C57A = {
			isa = PBXGroup;
			children = (
				60ADF8EF266A694000B7D861 /* BoomerLib */,
				6023A53D26690F2E00F8C57A /* Boomer */,
				6023A53C26690F2E00F8C57A /* Products */,
				60ADF8E7266A679500B7D861 /* Frameworks */,
			);
			sourceTree = "<group>";
		};
		6023A53C26690F2E00F8C57A /* Products */ = {
			isa = PBXGroup;
			children = (
				6023A53B26690F2E00F8C57A /* Boomer.app */,
			);
			name = Products;
			sourceTree = "<group>";
		};
		6023A53D26690F2E00F8C57A /* Boomer */ = {
			isa = PBXGroup;
			children = (
				6023A54926690F2F00F8C57A /* LaunchScreen.storyboard */,
				6023A53E26690F2E00F8C57A /* AppDelegate.swift */,
				6023A54026690F2E00F8C57A /* SceneDelegate.swift */,
				60ADF8F5266A6E4100B7D861 /* LoginController.swift */,
				60ADF8F2266A69A200B7D861 /* LoginView.swift */,
				60A6B800266CEA510088634D /* MainController.swift */,
				60A6B7FE266CEA340088634D /* MainView.swift */,
				608259FB266E636500FF28DE /* PullRequestsView.swift */,
				608259F9266E632200FF28DE /* SettingsView.swift */,
				6023A54426690F2F00F8C57A /* Assets.xcassets */,
				6023A54C26690F2F00F8C57A /* Info.plist */,
				60ADF8F4266A6A5800B7D861 /* Boomer.entitlements */,
				6023A54626690F2F00F8C57A /* Preview Content */,
			);
			path = Boomer;
			sourceTree = "<group>";
		};
		6023A54626690F2F00F8C57A /* Preview Content */ = {
			isa = PBXGroup;
			children = (
				6023A54726690F2F00F8C57A /* Preview Assets.xcassets */,
			);
			path = "Preview Content";
			sourceTree = "<group>";
		};
		60ADF8E7266A679500B7D861 /* Frameworks */ = {
			isa = PBXGroup;
			children = (
			);
			name = Frameworks;
			sourceTree = "<group>";
		};
/* End PBXGroup section */

/* Begin PBXNativeTarget section */
		6023A53A26690F2E00F8C57A /* Boomer */ = {
			isa = PBXNativeTarget;
			buildConfigurationList = 6023A54F26690F2F00F8C57A /* Build configuration list for PBXNativeTarget "Boomer" */;
			buildPhases = (
				6023A53726690F2E00F8C57A /* Sources */,
				6023A53826690F2E00F8C57A /* Frameworks */,
				6023A53926690F2E00F8C57A /* Resources */,
			);
			buildRules = (
			);
			dependencies = (
			);
			name = Boomer;
			packageProductDependencies = (
				60ADF8F7266A6FC500B7D861 /* BoomerLib */,
			);
			productName = Boomer;
			productReference = 6023A53B26690F2E00F8C57A /* Boomer.app */;
			productType = "com.apple.product-type.application";
		};
/* End PBXNativeTarget section */

/* Begin PBXProject section */
		6023A53326690F2E00F8C57A /* Project object */ = {
			isa = PBXProject;
			attributes = {
				LastSwiftUpdateCheck = 1250;
				LastUpgradeCheck = 1250;
				TargetAttributes = {
					6023A53A26690F2E00F8C57A = {
						CreatedOnToolsVersion = 12.5;
					};
				};
			};
			buildConfigurationList = 6023A53626690F2E00F8C57A /* Build configuration list for PBXProject "Boomer" */;
			compatibilityVersion = "Xcode 9.3";
			developmentRegion = en;
			hasScannedForEncodings = 0;
			knownRegions = (
				en,
				Base,
			);
			mainGroup = 6023A53226690F2E00F8C57A;
			productRefGroup = 6023A53C26690F2E00F8C57A /* Products */;
			projectDirPath = "";
			projectRoot = "";
			targets = (
				6023A53A26690F2E00F8C57A /* Boomer */,
			);
		};
/* End PBXProject section */

/* Begin PBXResourcesBuildPhase section */
		6023A53926690F2E00F8C57A /* Resources */ = {
			isa = PBXResourcesBuildPhase;
			buildActionMask = 2147483647;
			files = (
				6023A54B26690F2F00F8C57A /* LaunchScreen.storyboard in Resources */,
				6023A54826690F2F00F8C57A /* Preview Assets.xcassets in Resources */,
				6023A54526690F2F00F8C57A /* Assets.xcassets in Resources */,
			);
			runOnlyForDeploymentPostprocessing = 0;
		};
/* End PBXResourcesBuildPhase section */

/* Begin PBXSourcesBuildPhase section */
		6023A53726690F2E00F8C57A /* Sources */ = {
			isa = PBXSourcesBuildPhase;
			buildActionMask = 2147483647;
			files = (
				608259FA266E632200FF28DE /* SettingsView.swift in Sources */,
				6023A53F26690F2E00F8C57A /* AppDelegate.swift in Sources */,
				60ADF8F6266A6E4100B7D861 /* LoginController.swift in Sources */,
				6023A54126690F2E00F8C57A /* SceneDelegate.swift in Sources */,
				60A6B7FF266CEA340088634D /* MainView.swift in Sources */,
				60A6B801266CEA510088634D /* MainController.swift in Sources */,
				608259FC266E636500FF28DE /* PullRequestsView.swift in Sources */,
				60ADF8F3266A69A200B7D861 /* LoginView.swift in Sources */,
			);
			runOnlyForDeploymentPostprocessing = 0;
		};
/* End PBXSourcesBuildPhase section */

/* Begin PBXVariantGroup section */
		6023A54926690F2F00F8C57A /* LaunchScreen.storyboard */ = {
			isa = PBXVariantGroup;
			children = (
				6023A54A26690F2F00F8C57A /* Base */,
			);
			name = LaunchScreen.storyboard;
			sourceTree = "<group>";
		};
/* End PBXVariantGroup section */

/* Begin XCBuildConfiguration section */
		6023A54D26690F2F00F8C57A /* Debug */ = {
			isa = XCBuildConfiguration;
			buildSettings = {
				ALWAYS_SEARCH_USER_PATHS = NO;
				CLANG_ANALYZER_NONNULL = YES;
				CLANG_ANALYZER_NUMBER_OBJECT_CONVERSION = YES_AGGRESSIVE;
				CLANG_CXX_LANGUAGE_STANDARD = "gnu++14";
				CLANG_CXX_LIBRARY = "libc++";
				CLANG_ENABLE_MODULES = YES;
				CLANG_ENABLE_OBJC_ARC = YES;
				CLANG_ENABLE_OBJC_WEAK = YES;
				CLANG_WARN_BLOCK_CAPTURE_AUTORELEASING = YES;
				CLANG_WARN_BOOL_CONVERSION = YES;
				CLANG_WARN_COMMA = YES;
				CLANG_WARN_CONSTANT_CONVERSION = YES;
				CLANG_WARN_DEPRECATED_OBJC_IMPLEMENTATIONS = YES;
				CLANG_WARN_DIRECT_OBJC_ISA_USAGE = YES_ERROR;
				CLANG_WARN_DOCUMENTATION_COMMENTS = YES;
				CLANG_WARN_EMPTY_BODY = YES;
				CLANG_WARN_ENUM_CONVERSION = YES;
				CLANG_WARN_INFINITE_RECURSION = YES;
				CLANG_WARN_INT_CONVERSION = YES;
				CLANG_WARN_NON_LITERAL_NULL_CONVERSION = YES;
				CLANG_WARN_OBJC_IMPLICIT_RETAIN_SELF = YES;
				CLANG_WARN_OBJC_LITERAL_CONVERSION = YES;
				CLANG_WARN_OBJC_ROOT_CLASS = YES_ERROR;
				CLANG_WARN_QUOTED_INCLUDE_IN_FRAMEWORK_HEADER = YES;
				CLANG_WARN_RANGE_LOOP_ANALYSIS = YES;
				CLANG_WARN_STRICT_PROTOTYPES = YES;
				CLANG_WARN_SUSPICIOUS_MOVE = YES;
				CLANG_WARN_UNGUARDED_AVAILABILITY = YES_AGGRESSIVE;
				CLANG_WARN_UNREACHABLE_CODE = YES;
				CLANG_WARN__DUPLICATE_METHOD_MATCH = YES;
				COPY_PHASE_STRIP = NO;
				DEBUG_INFORMATION_FORMAT = dwarf;
				ENABLE_STRICT_OBJC_MSGSEND = YES;
				ENABLE_TESTABILITY = YES;
				GCC_C_LANGUAGE_STANDARD = gnu11;
				GCC_DYNAMIC_NO_PIC = NO;
				GCC_NO_COMMON_BLOCKS = YES;
				GCC_OPTIMIZATION_LEVEL = 0;
				GCC_PREPROCESSOR_DEFINITIONS = (
					"DEBUG=1",
					"$(inherited)",
				);
				GCC_WARN_64_TO_32_BIT_CONVERSION = YES;
				GCC_WARN_ABOUT_RETURN_TYPE = YES_ERROR;
				GCC_WARN_UNDECLARED_SELECTOR = YES;
				GCC_WARN_UNINITIALIZED_AUTOS = YES_AGGRESSIVE;
				GCC_WARN_UNUSED_FUNCTION = YES;
				GCC_WARN_UNUSED_VARIABLE = YES;
				IPHONEOS_DEPLOYMENT_TARGET = 14.5;
				MTL_ENABLE_DEBUG_INFO = INCLUDE_SOURCE;
				MTL_FAST_MATH = YES;
				ONLY_ACTIVE_ARCH = YES;
				SDKROOT = iphoneos;
				SWIFT_ACTIVE_COMPILATION_CONDITIONS = DEBUG;
				SWIFT_OPTIMIZATION_LEVEL = "-Onone";
			};
			name = Debug;
		};
		6023A54E26690F2F00F8C57A /* Release */ = {
			isa = XCBuildConfiguration;
			buildSettings = {
				ALWAYS_SEARCH_USER_PATHS = NO;
				CLANG_ANALYZER_NONNULL = YES;
				CLANG_ANALYZER_NUMBER_OBJECT_CONVERSION = YES_AGGRESSIVE;
				CLANG_CXX_LANGUAGE_STANDARD = "gnu++14";
				CLANG_CXX_LIBRARY = "libc++";
				CLANG_ENABLE_MODULES = YES;
				CLANG_ENABLE_OBJC_ARC = YES;
				CLANG_ENABLE_OBJC_WEAK = YES;
				CLANG_WARN_BLOCK_CAPTURE_AUTORELEASING = YES;
				CLANG_WARN_BOOL_CONVERSION = YES;
				CLANG_WARN_COMMA = YES;
				CLANG_WARN_CONSTANT_CONVERSION = YES;
				CLANG_WARN_DEPRECATED_OBJC_IMPLEMENTATIONS = YES;
				CLANG_WARN_DIRECT_OBJC_ISA_USAGE = YES_ERROR;
				CLANG_WARN_DOCUMENTATION_COMMENTS = YES;
				CLANG_WARN_EMPTY_BODY = YES;
				CLANG_WARN_ENUM_CONVERSION = YES;
				CLANG_WARN_INFINITE_RECURSION = YES;
				CLANG_WARN_INT_CONVERSION = YES;
				CLANG_WARN_NON_LITERAL_NULL_CONVERSION = YES;
				CLANG_WARN_OBJC_IMPLICIT_RETAIN_SELF = YES;
				CLANG_WARN_OBJC_LITERAL_CONVERSION = YES;
				CLANG_WARN_OBJC_ROOT_CLASS = YES_ERROR;
				CLANG_WARN_QUOTED_INCLUDE_IN_FRAMEWORK_HEADER = YES;
				CLANG_WARN_RANGE_LOOP_ANALYSIS = YES;
				CLANG_WARN_STRICT_PROTOTYPES = YES;
				CLANG_WARN_SUSPICIOUS_MOVE = YES;
				CLANG_WARN_UNGUARDED_AVAILABILITY = YES_AGGRESSIVE;
				CLANG_WARN_UNREACHABLE_CODE = YES;
				CLANG_WARN__DUPLICATE_METHOD_MATCH = YES;
				COPY_PHASE_STRIP = NO;
				DEBUG_INFORMATION_FORMAT = "dwarf-with-dsym";
				ENABLE_NS_ASSERTIONS = NO;
				ENABLE_STRICT_OBJC_MSGSEND = YES;
				GCC_C_LANGUAGE_STANDARD = gnu11;
				GCC_NO_COMMON_BLOCKS = YES;
				GCC_WARN_64_TO_32_BIT_CONVERSION = YES;
				GCC_WARN_ABOUT_RETURN_TYPE = YES_ERROR;
				GCC_WARN_UNDECLARED_SELECTOR = YES;
				GCC_WARN_UNINITIALIZED_AUTOS = YES_AGGRESSIVE;
				GCC_WARN_UNUSED_FUNCTION = YES;
				GCC_WARN_UNUSED_VARIABLE = YES;
				IPHONEOS_DEPLOYMENT_TARGET = 14.5;
				MTL_ENABLE_DEBUG_INFO = NO;
				MTL_FAST_MATH = YES;
				SDKROOT = iphoneos;
				SWIFT_COMPILATION_MODE = wholemodule;
				SWIFT_OPTIMIZATION_LEVEL = "-O";
				VALIDATE_PRODUCT = YES;
			};
			name = Release;
		};
		6023A55026690F2F00F8C57A /* Debug */ = {
			isa = XCBuildConfiguration;
			buildSettings = {
				ASSETCATALOG_COMPILER_APPICON_NAME = AppIcon;
				ASSETCATALOG_COMPILER_GLOBAL_ACCENT_COLOR_NAME = AccentColor;
				CODE_SIGN_ENTITLEMENTS = Boomer/Boomer.entitlements;
				CODE_SIGN_STYLE = Automatic;
				DEVELOPMENT_ASSET_PATHS = "\"Boomer/Preview Content\"";
				DEVELOPMENT_TEAM = L94QTT73WH;
				ENABLE_PREVIEWS = YES;
				INFOPLIST_FILE = Boomer/Info.plist;
				IPHONEOS_DEPLOYMENT_TARGET = 14.1;
				LD_RUNPATH_SEARCH_PATHS = (
					"$(inherited)",
					"@executable_path/Frameworks",
				);
				PRODUCT_BUNDLE_IDENTIFIER = dev.utrpanic.boomer;
				PRODUCT_NAME = "$(TARGET_NAME)";
				SUPPORTS_MACCATALYST = YES;
				SUPPORTS_MAC_DESIGNED_FOR_IPHONE_IPAD = NO;
				SWIFT_VERSION = 5.0;
				TARGETED_DEVICE_FAMILY = "1,2,6";
			};
			name = Debug;
		};
		6023A55126690F2F00F8C57A /* Release */ = {
			isa = XCBuildConfiguration;
			buildSettings = {
				ASSETCATALOG_COMPILER_APPICON_NAME = AppIcon;
				ASSETCATALOG_COMPILER_GLOBAL_ACCENT_COLOR_NAME = AccentColor;
				CODE_SIGN_ENTITLEMENTS = Boomer/Boomer.entitlements;
				CODE_SIGN_STYLE = Automatic;
				DEVELOPMENT_ASSET_PATHS = "\"Boomer/Preview Content\"";
				DEVELOPMENT_TEAM = L94QTT73WH;
				ENABLE_PREVIEWS = YES;
				INFOPLIST_FILE = Boomer/Info.plist;
				IPHONEOS_DEPLOYMENT_TARGET = 14.1;
				LD_RUNPATH_SEARCH_PATHS = (
					"$(inherited)",
					"@executable_path/Frameworks",
				);
				PRODUCT_BUNDLE_IDENTIFIER = dev.utrpanic.boomer;
				PRODUCT_NAME = "$(TARGET_NAME)";
				SUPPORTS_MACCATALYST = YES;
				SUPPORTS_MAC_DESIGNED_FOR_IPHONE_IPAD = NO;
				SWIFT_VERSION = 5.0;
				TARGETED_DEVICE_FAMILY = "1,2,6";
			};
			name = Release;
		};
/* End XCBuildConfiguration section */

/* Begin XCConfigurationList section */
		6023A53626690F2E00F8C57A /* Build configuration list for PBXProject "Boomer" */ = {
			isa = XCConfigurationList;
			buildConfigurations = (
				6023A54D26690F2F00F8C57A /* Debug */,
				6023A54E26690F2F00F8C57A /* Release */,
			);
			defaultConfigurationIsVisible = 0;
			defaultConfigurationName = Release;
		};
		6023A54F26690F2F00F8C57A /* Build configuration list for PBXNativeTarget "Boomer" */ = {
			isa = XCConfigurationList;
			buildConfigurations = (
				6023A55026690F2F00F8C57A /* Debug */,
				6023A55126690F2F00F8C57A /* Release */,
			);
			defaultConfigurationIsVisible = 0;
			defaultConfigurationName = Release;
		};
/* End XCConfigurationList section */

/* Begin XCSwiftPackageProductDependency section */
		60ADF8F7266A6FC500B7D861 /* BoomerLib */ = {
			isa = XCSwiftPackageProductDependency;
			productName = BoomerLib;
		};
/* End XCSwiftPackageProductDependency section */
	};
	rootObject = 6023A53326690F2E00F8C57A /* Project object */;
}
