// !$*UTF8*$!
{
	archiveVersion = 1;
	classes = {
	};
	objectVersion = 52;
	objects = {

/* Begin PBXBuildFile section */
		60B67BF223D45A2300E8295A /* AppDelegate.swift in Sources */ = {isa = PBXBuildFile; fileRef = 60B67BF123D45A2300E8295A /* AppDelegate.swift */; };
		60B67BF423D45A2300E8295A /* SceneDelegate.swift in Sources */ = {isa = PBXBuildFile; fileRef = 60B67BF323D45A2300E8295A /* SceneDelegate.swift */; };
		60B67BF723D45A2300E8295A /* PullRequestBoomer.xcdatamodeld in Sources */ = {isa = PBXBuildFile; fileRef = 60B67BF523D45A2300E8295A /* PullRequestBoomer.xcdatamodeld */; };
		60B67BF923D45A2300E8295A /* ContentView.swift in Sources */ = {isa = PBXBuildFile; fileRef = 60B67BF823D45A2300E8295A /* ContentView.swift */; };
		60B67BFB23D45A2700E8295A /* Assets.xcassets in Resources */ = {isa = PBXBuildFile; fileRef = 60B67BFA23D45A2700E8295A /* Assets.xcassets */; };
		60B67BFE23D45A2700E8295A /* Preview Assets.xcassets in Resources */ = {isa = PBXBuildFile; fileRef = 60B67BFD23D45A2700E8295A /* Preview Assets.xcassets */; };
		60B67C0123D45A2700E8295A /* LaunchScreen.storyboard in Resources */ = {isa = PBXBuildFile; fileRef = 60B67BFF23D45A2700E8295A /* LaunchScreen.storyboard */; };
		60B67C0C23D45A2800E8295A /* PullRequestBoomerTests.swift in Sources */ = {isa = PBXBuildFile; fileRef = 60B67C0B23D45A2800E8295A /* PullRequestBoomerTests.swift */; };
		60B67C1723D45A2800E8295A /* PullRequestBoomerUITests.swift in Sources */ = {isa = PBXBuildFile; fileRef = 60B67C1623D45A2800E8295A /* PullRequestBoomerUITests.swift */; };
		60B67C4A23D45BEA00E8295A /* README.md in Resources */ = {isa = PBXBuildFile; fileRef = 60B67C4923D45BEA00E8295A /* README.md */; };
		8D05F21123D9D7F500352EF9 /* BoxKit in Frameworks */ = {isa = PBXBuildFile; productRef = 8D05F21023D9D7F500352EF9 /* BoxKit */; };
		8D05F21723D9D8A800352EF9 /* Alamofire in Frameworks */ = {isa = PBXBuildFile; productRef = 8D05F21623D9D8A800352EF9 /* Alamofire */; };
		8D05F22C23DAB8CF00352EF9 /* FirebaseCoreDiagnostics.framework in Frameworks */ = {isa = PBXBuildFile; fileRef = 8D05F22023DAB8CE00352EF9 /* FirebaseCoreDiagnostics.framework */; };
		8D05F22D23DAB8CF00352EF9 /* FirebaseInstanceID.framework in Frameworks */ = {isa = PBXBuildFile; fileRef = 8D05F22123DAB8CE00352EF9 /* FirebaseInstanceID.framework */; };
		8D05F22E23DAB8CF00352EF9 /* GoogleUtilities.framework in Frameworks */ = {isa = PBXBuildFile; fileRef = 8D05F22223DAB8CE00352EF9 /* GoogleUtilities.framework */; };
		8D05F22F23DAB8CF00352EF9 /* FirebaseInstallations.framework in Frameworks */ = {isa = PBXBuildFile; fileRef = 8D05F22323DAB8CE00352EF9 /* FirebaseInstallations.framework */; };
		8D05F23023DAB8CF00352EF9 /* GoogleDataTransport.framework in Frameworks */ = {isa = PBXBuildFile; fileRef = 8D05F22423DAB8CF00352EF9 /* GoogleDataTransport.framework */; };
		8D05F23123DAB8CF00352EF9 /* FirebaseAnalytics.framework in Frameworks */ = {isa = PBXBuildFile; fileRef = 8D05F22523DAB8CF00352EF9 /* FirebaseAnalytics.framework */; };
		8D05F23223DAB8CF00352EF9 /* nanopb.framework in Frameworks */ = {isa = PBXBuildFile; fileRef = 8D05F22623DAB8CF00352EF9 /* nanopb.framework */; };
		8D05F23323DAB8CF00352EF9 /* PromisesObjC.framework in Frameworks */ = {isa = PBXBuildFile; fileRef = 8D05F22723DAB8CF00352EF9 /* PromisesObjC.framework */; };
		8D05F23423DAB8CF00352EF9 /* FIRAnalyticsConnector.framework in Frameworks */ = {isa = PBXBuildFile; fileRef = 8D05F22823DAB8CF00352EF9 /* FIRAnalyticsConnector.framework */; };
		8D05F23523DAB8CF00352EF9 /* GoogleAppMeasurement.framework in Frameworks */ = {isa = PBXBuildFile; fileRef = 8D05F22923DAB8CF00352EF9 /* GoogleAppMeasurement.framework */; };
		8D05F23623DAB8CF00352EF9 /* GoogleDataTransportCCTSupport.framework in Frameworks */ = {isa = PBXBuildFile; fileRef = 8D05F22A23DAB8CF00352EF9 /* GoogleDataTransportCCTSupport.framework */; };
		8D05F23723DAB8CF00352EF9 /* FirebaseCore.framework in Frameworks */ = {isa = PBXBuildFile; fileRef = 8D05F22B23DAB8CF00352EF9 /* FirebaseCore.framework */; };
		8D05F23A23DAB8DB00352EF9 /* GTMSessionFetcher.framework in Frameworks */ = {isa = PBXBuildFile; fileRef = 8D05F23823DAB8DB00352EF9 /* GTMSessionFetcher.framework */; };
		8D05F23B23DAB8DB00352EF9 /* FirebaseAuth.framework in Frameworks */ = {isa = PBXBuildFile; fileRef = 8D05F23923DAB8DB00352EF9 /* FirebaseAuth.framework */; };
		8D05F23D23DAB8E900352EF9 /* FirebaseCrashlytics.framework in Frameworks */ = {isa = PBXBuildFile; fileRef = 8D05F23C23DAB8E900352EF9 /* FirebaseCrashlytics.framework */; };
		8D05F23F23DABA0400352EF9 /* GoogleService-Info.plist in Resources */ = {isa = PBXBuildFile; fileRef = 8D05F23E23DABA0400352EF9 /* GoogleService-Info.plist */; };
/* End PBXBuildFile section */

/* Begin PBXContainerItemProxy section */
		60B67C0823D45A2800E8295A /* PBXContainerItemProxy */ = {
			isa = PBXContainerItemProxy;
			containerPortal = 60B67BE623D45A2300E8295A /* Project object */;
			proxyType = 1;
			remoteGlobalIDString = 60B67BED23D45A2300E8295A;
			remoteInfo = PullRequestBoomer;
		};
		60B67C1323D45A2800E8295A /* PBXContainerItemProxy */ = {
			isa = PBXContainerItemProxy;
			containerPortal = 60B67BE623D45A2300E8295A /* Project object */;
			proxyType = 1;
			remoteGlobalIDString = 60B67BED23D45A2300E8295A;
			remoteInfo = PullRequestBoomer;
		};
/* End PBXContainerItemProxy section */

/* Begin PBXFileReference section */
		60B67BEE23D45A2300E8295A /* PullRequestBoomer.app */ = {isa = PBXFileReference; explicitFileType = wrapper.application; includeInIndex = 0; path = PullRequestBoomer.app; sourceTree = BUILT_PRODUCTS_DIR; };
		60B67BF123D45A2300E8295A /* AppDelegate.swift */ = {isa = PBXFileReference; lastKnownFileType = sourcecode.swift; path = AppDelegate.swift; sourceTree = "<group>"; };
		60B67BF323D45A2300E8295A /* SceneDelegate.swift */ = {isa = PBXFileReference; lastKnownFileType = sourcecode.swift; path = SceneDelegate.swift; sourceTree = "<group>"; };
		60B67BF623D45A2300E8295A /* PullRequestBoomer.xcdatamodel */ = {isa = PBXFileReference; lastKnownFileType = wrapper.xcdatamodel; path = PullRequestBoomer.xcdatamodel; sourceTree = "<group>"; };
		60B67BF823D45A2300E8295A /* ContentView.swift */ = {isa = PBXFileReference; lastKnownFileType = sourcecode.swift; path = ContentView.swift; sourceTree = "<group>"; };
		60B67BFA23D45A2700E8295A /* Assets.xcassets */ = {isa = PBXFileReference; lastKnownFileType = folder.assetcatalog; path = Assets.xcassets; sourceTree = "<group>"; };
		60B67BFD23D45A2700E8295A /* Preview Assets.xcassets */ = {isa = PBXFileReference; lastKnownFileType = folder.assetcatalog; path = "Preview Assets.xcassets"; sourceTree = "<group>"; };
		60B67C0023D45A2700E8295A /* Base */ = {isa = PBXFileReference; lastKnownFileType = file.storyboard; name = Base; path = Base.lproj/LaunchScreen.storyboard; sourceTree = "<group>"; };
		60B67C0223D45A2700E8295A /* Info.plist */ = {isa = PBXFileReference; lastKnownFileType = text.plist.xml; path = Info.plist; sourceTree = "<group>"; };
		60B67C0723D45A2800E8295A /* PullRequestBoomerTests.xctest */ = {isa = PBXFileReference; explicitFileType = wrapper.cfbundle; includeInIndex = 0; path = PullRequestBoomerTests.xctest; sourceTree = BUILT_PRODUCTS_DIR; };
		60B67C0B23D45A2800E8295A /* PullRequestBoomerTests.swift */ = {isa = PBXFileReference; lastKnownFileType = sourcecode.swift; path = PullRequestBoomerTests.swift; sourceTree = "<group>"; };
		60B67C0D23D45A2800E8295A /* Info.plist */ = {isa = PBXFileReference; lastKnownFileType = text.plist.xml; path = Info.plist; sourceTree = "<group>"; };
		60B67C1223D45A2800E8295A /* PullRequestBoomerUITests.xctest */ = {isa = PBXFileReference; explicitFileType = wrapper.cfbundle; includeInIndex = 0; path = PullRequestBoomerUITests.xctest; sourceTree = BUILT_PRODUCTS_DIR; };
		60B67C1623D45A2800E8295A /* PullRequestBoomerUITests.swift */ = {isa = PBXFileReference; lastKnownFileType = sourcecode.swift; path = PullRequestBoomerUITests.swift; sourceTree = "<group>"; };
		60B67C1823D45A2800E8295A /* Info.plist */ = {isa = PBXFileReference; lastKnownFileType = text.plist.xml; path = Info.plist; sourceTree = "<group>"; };
		60B67C2423D45A6200E8295A /* PullRequestBoomer.entitlements */ = {isa = PBXFileReference; lastKnownFileType = text.plist.entitlements; path = PullRequestBoomer.entitlements; sourceTree = "<group>"; };
		60B67C4923D45BEA00E8295A /* README.md */ = {isa = PBXFileReference; fileEncoding = 4; lastKnownFileType = net.daringfireball.markdown; path = README.md; sourceTree = "<group>"; };
		8D05F22023DAB8CE00352EF9 /* FirebaseCoreDiagnostics.framework */ = {isa = PBXFileReference; lastKnownFileType = wrapper.framework; name = FirebaseCoreDiagnostics.framework; path = Libraries/FirebaseAnalytics/FirebaseCoreDiagnostics.framework; sourceTree = "<group>"; };
		8D05F22123DAB8CE00352EF9 /* FirebaseInstanceID.framework */ = {isa = PBXFileReference; lastKnownFileType = wrapper.framework; name = FirebaseInstanceID.framework; path = Libraries/FirebaseAnalytics/FirebaseInstanceID.framework; sourceTree = "<group>"; };
		8D05F22223DAB8CE00352EF9 /* GoogleUtilities.framework */ = {isa = PBXFileReference; lastKnownFileType = wrapper.framework; name = GoogleUtilities.framework; path = Libraries/FirebaseAnalytics/GoogleUtilities.framework; sourceTree = "<group>"; };
		8D05F22323DAB8CE00352EF9 /* FirebaseInstallations.framework */ = {isa = PBXFileReference; lastKnownFileType = wrapper.framework; name = FirebaseInstallations.framework; path = Libraries/FirebaseAnalytics/FirebaseInstallations.framework; sourceTree = "<group>"; };
		8D05F22423DAB8CF00352EF9 /* GoogleDataTransport.framework */ = {isa = PBXFileReference; lastKnownFileType = wrapper.framework; name = GoogleDataTransport.framework; path = Libraries/FirebaseAnalytics/GoogleDataTransport.framework; sourceTree = "<group>"; };
		8D05F22523DAB8CF00352EF9 /* FirebaseAnalytics.framework */ = {isa = PBXFileReference; lastKnownFileType = wrapper.framework; name = FirebaseAnalytics.framework; path = Libraries/FirebaseAnalytics/FirebaseAnalytics.framework; sourceTree = "<group>"; };
		8D05F22623DAB8CF00352EF9 /* nanopb.framework */ = {isa = PBXFileReference; lastKnownFileType = wrapper.framework; name = nanopb.framework; path = Libraries/FirebaseAnalytics/nanopb.framework; sourceTree = "<group>"; };
		8D05F22723DAB8CF00352EF9 /* PromisesObjC.framework */ = {isa = PBXFileReference; lastKnownFileType = wrapper.framework; name = PromisesObjC.framework; path = Libraries/FirebaseAnalytics/PromisesObjC.framework; sourceTree = "<group>"; };
		8D05F22823DAB8CF00352EF9 /* FIRAnalyticsConnector.framework */ = {isa = PBXFileReference; lastKnownFileType = wrapper.framework; name = FIRAnalyticsConnector.framework; path = Libraries/FirebaseAnalytics/FIRAnalyticsConnector.framework; sourceTree = "<group>"; };
		8D05F22923DAB8CF00352EF9 /* GoogleAppMeasurement.framework */ = {isa = PBXFileReference; lastKnownFileType = wrapper.framework; name = GoogleAppMeasurement.framework; path = Libraries/FirebaseAnalytics/GoogleAppMeasurement.framework; sourceTree = "<group>"; };
		8D05F22A23DAB8CF00352EF9 /* GoogleDataTransportCCTSupport.framework */ = {isa = PBXFileReference; lastKnownFileType = wrapper.framework; name = GoogleDataTransportCCTSupport.framework; path = Libraries/FirebaseAnalytics/GoogleDataTransportCCTSupport.framework; sourceTree = "<group>"; };
		8D05F22B23DAB8CF00352EF9 /* FirebaseCore.framework */ = {isa = PBXFileReference; lastKnownFileType = wrapper.framework; name = FirebaseCore.framework; path = Libraries/FirebaseAnalytics/FirebaseCore.framework; sourceTree = "<group>"; };
		8D05F23823DAB8DB00352EF9 /* GTMSessionFetcher.framework */ = {isa = PBXFileReference; lastKnownFileType = wrapper.framework; name = GTMSessionFetcher.framework; path = Libraries/FirebaseAuth/GTMSessionFetcher.framework; sourceTree = "<group>"; };
		8D05F23923DAB8DB00352EF9 /* FirebaseAuth.framework */ = {isa = PBXFileReference; lastKnownFileType = wrapper.framework; name = FirebaseAuth.framework; path = Libraries/FirebaseAuth/FirebaseAuth.framework; sourceTree = "<group>"; };
		8D05F23C23DAB8E900352EF9 /* FirebaseCrashlytics.framework */ = {isa = PBXFileReference; lastKnownFileType = wrapper.framework; name = FirebaseCrashlytics.framework; path = Libraries/FirebaseCrashlytics/FirebaseCrashlytics.framework; sourceTree = "<group>"; };
		8D05F23E23DABA0400352EF9 /* GoogleService-Info.plist */ = {isa = PBXFileReference; fileEncoding = 4; lastKnownFileType = text.plist.xml; path = "GoogleService-Info.plist"; sourceTree = "<group>"; };
/* End PBXFileReference section */

/* Begin PBXFrameworksBuildPhase section */
		60B67BEB23D45A2300E8295A /* Frameworks */ = {
			isa = PBXFrameworksBuildPhase;
			buildActionMask = 2147483647;
			files = (
				8D05F23323DAB8CF00352EF9 /* PromisesObjC.framework in Frameworks */,
				8D05F22E23DAB8CF00352EF9 /* GoogleUtilities.framework in Frameworks */,
				8D05F21723D9D8A800352EF9 /* Alamofire in Frameworks */,
				8D05F23223DAB8CF00352EF9 /* nanopb.framework in Frameworks */,
				8D05F23A23DAB8DB00352EF9 /* GTMSessionFetcher.framework in Frameworks */,
				8D05F23523DAB8CF00352EF9 /* GoogleAppMeasurement.framework in Frameworks */,
				8D05F23123DAB8CF00352EF9 /* FirebaseAnalytics.framework in Frameworks */,
				8D05F23B23DAB8DB00352EF9 /* FirebaseAuth.framework in Frameworks */,
				8D05F22C23DAB8CF00352EF9 /* FirebaseCoreDiagnostics.framework in Frameworks */,
				8D05F23D23DAB8E900352EF9 /* FirebaseCrashlytics.framework in Frameworks */,
				8D05F22D23DAB8CF00352EF9 /* FirebaseInstanceID.framework in Frameworks */,
				8D05F23623DAB8CF00352EF9 /* GoogleDataTransportCCTSupport.framework in Frameworks */,
				8D05F23423DAB8CF00352EF9 /* FIRAnalyticsConnector.framework in Frameworks */,
				8D05F23723DAB8CF00352EF9 /* FirebaseCore.framework in Frameworks */,
				8D05F23023DAB8CF00352EF9 /* GoogleDataTransport.framework in Frameworks */,
				8D05F21123D9D7F500352EF9 /* BoxKit in Frameworks */,
				8D05F22F23DAB8CF00352EF9 /* FirebaseInstallations.framework in Frameworks */,
			);
			runOnlyForDeploymentPostprocessing = 0;
		};
		60B67C0423D45A2800E8295A /* Frameworks */ = {
			isa = PBXFrameworksBuildPhase;
			buildActionMask = 2147483647;
			files = (
			);
			runOnlyForDeploymentPostprocessing = 0;
		};
		60B67C0F23D45A2800E8295A /* Frameworks */ = {
			isa = PBXFrameworksBuildPhase;
			buildActionMask = 2147483647;
			files = (
			);
			runOnlyForDeploymentPostprocessing = 0;
		};
/* End PBXFrameworksBuildPhase section */

/* Begin PBXGroup section */
		60B67BE523D45A2300E8295A = {
			isa = PBXGroup;
			children = (
				60B67C4923D45BEA00E8295A /* README.md */,
				60B67BF023D45A2300E8295A /* PullRequestBoomer */,
				60B67C0A23D45A2800E8295A /* PullRequestBoomerTests */,
				60B67C1523D45A2800E8295A /* PullRequestBoomerUITests */,
				60B67BEF23D45A2300E8295A /* Products */,
				8D05F21223D9D80D00352EF9 /* Frameworks */,
			);
			sourceTree = "<group>";
		};
		60B67BEF23D45A2300E8295A /* Products */ = {
			isa = PBXGroup;
			children = (
				60B67BEE23D45A2300E8295A /* PullRequestBoomer.app */,
				60B67C0723D45A2800E8295A /* PullRequestBoomerTests.xctest */,
				60B67C1223D45A2800E8295A /* PullRequestBoomerUITests.xctest */,
			);
			name = Products;
			sourceTree = "<group>";
		};
		60B67BF023D45A2300E8295A /* PullRequestBoomer */ = {
			isa = PBXGroup;
			children = (
				60B67BFF23D45A2700E8295A /* LaunchScreen.storyboard */,
				60B67BF123D45A2300E8295A /* AppDelegate.swift */,
				60B67BF323D45A2300E8295A /* SceneDelegate.swift */,
				60B67BF823D45A2300E8295A /* ContentView.swift */,
				60B67BFA23D45A2700E8295A /* Assets.xcassets */,
				60B67C2423D45A6200E8295A /* PullRequestBoomer.entitlements */,
				60B67C0223D45A2700E8295A /* Info.plist */,
				8D05F23E23DABA0400352EF9 /* GoogleService-Info.plist */,
				60B67BF523D45A2300E8295A /* PullRequestBoomer.xcdatamodeld */,
				60B67BFC23D45A2700E8295A /* Preview Content */,
			);
			path = PullRequestBoomer;
			sourceTree = "<group>";
		};
		60B67BFC23D45A2700E8295A /* Preview Content */ = {
			isa = PBXGroup;
			children = (
				60B67BFD23D45A2700E8295A /* Preview Assets.xcassets */,
			);
			path = "Preview Content";
			sourceTree = "<group>";
		};
		60B67C0A23D45A2800E8295A /* PullRequestBoomerTests */ = {
			isa = PBXGroup;
			children = (
				60B67C0B23D45A2800E8295A /* PullRequestBoomerTests.swift */,
				60B67C0D23D45A2800E8295A /* Info.plist */,
			);
			path = PullRequestBoomerTests;
			sourceTree = "<group>";
		};
		60B67C1523D45A2800E8295A /* PullRequestBoomerUITests */ = {
			isa = PBXGroup;
			children = (
				60B67C1623D45A2800E8295A /* PullRequestBoomerUITests.swift */,
				60B67C1823D45A2800E8295A /* Info.plist */,
			);
			path = PullRequestBoomerUITests;
			sourceTree = "<group>";
		};
		8D05F21223D9D80D00352EF9 /* Frameworks */ = {
			isa = PBXGroup;
			children = (
				8D05F23C23DAB8E900352EF9 /* FirebaseCrashlytics.framework */,
				8D05F23923DAB8DB00352EF9 /* FirebaseAuth.framework */,
				8D05F23823DAB8DB00352EF9 /* GTMSessionFetcher.framework */,
				8D05F22823DAB8CF00352EF9 /* FIRAnalyticsConnector.framework */,
				8D05F22523DAB8CF00352EF9 /* FirebaseAnalytics.framework */,
				8D05F22B23DAB8CF00352EF9 /* FirebaseCore.framework */,
				8D05F22023DAB8CE00352EF9 /* FirebaseCoreDiagnostics.framework */,
				8D05F22323DAB8CE00352EF9 /* FirebaseInstallations.framework */,
				8D05F22123DAB8CE00352EF9 /* FirebaseInstanceID.framework */,
				8D05F22923DAB8CF00352EF9 /* GoogleAppMeasurement.framework */,
				8D05F22423DAB8CF00352EF9 /* GoogleDataTransport.framework */,
				8D05F22A23DAB8CF00352EF9 /* GoogleDataTransportCCTSupport.framework */,
				8D05F22223DAB8CE00352EF9 /* GoogleUtilities.framework */,
				8D05F22623DAB8CF00352EF9 /* nanopb.framework */,
				8D05F22723DAB8CF00352EF9 /* PromisesObjC.framework */,
			);
			name = Frameworks;
			sourceTree = "<group>";
		};
/* End PBXGroup section */

/* Begin PBXNativeTarget section */
		60B67BED23D45A2300E8295A /* PullRequestBoomer */ = {
			isa = PBXNativeTarget;
			buildConfigurationList = 60B67C1B23D45A2800E8295A /* Build configuration list for PBXNativeTarget "PullRequestBoomer" */;
			buildPhases = (
				60B67BEA23D45A2300E8295A /* Sources */,
				60B67BEB23D45A2300E8295A /* Frameworks */,
				60B67BEC23D45A2300E8295A /* Resources */,
			);
			buildRules = (
			);
			dependencies = (
			);
			name = PullRequestBoomer;
			packageProductDependencies = (
				8D05F21023D9D7F500352EF9 /* BoxKit */,
				8D05F21623D9D8A800352EF9 /* Alamofire */,
			);
			productName = PullRequestBoomer;
			productReference = 60B67BEE23D45A2300E8295A /* PullRequestBoomer.app */;
			productType = "com.apple.product-type.application";
		};
		60B67C0623D45A2800E8295A /* PullRequestBoomerTests */ = {
			isa = PBXNativeTarget;
			buildConfigurationList = 60B67C1E23D45A2800E8295A /* Build configuration list for PBXNativeTarget "PullRequestBoomerTests" */;
			buildPhases = (
				60B67C0323D45A2800E8295A /* Sources */,
				60B67C0423D45A2800E8295A /* Frameworks */,
				60B67C0523D45A2800E8295A /* Resources */,
			);
			buildRules = (
			);
			dependencies = (
				60B67C0923D45A2800E8295A /* PBXTargetDependency */,
			);
			name = PullRequestBoomerTests;
			productName = PullRequestBoomerTests;
			productReference = 60B67C0723D45A2800E8295A /* PullRequestBoomerTests.xctest */;
			productType = "com.apple.product-type.bundle.unit-test";
		};
		60B67C1123D45A2800E8295A /* PullRequestBoomerUITests */ = {
			isa = PBXNativeTarget;
			buildConfigurationList = 60B67C2123D45A2800E8295A /* Build configuration list for PBXNativeTarget "PullRequestBoomerUITests" */;
			buildPhases = (
				60B67C0E23D45A2800E8295A /* Sources */,
				60B67C0F23D45A2800E8295A /* Frameworks */,
				60B67C1023D45A2800E8295A /* Resources */,
			);
			buildRules = (
			);
			dependencies = (
				60B67C1423D45A2800E8295A /* PBXTargetDependency */,
			);
			name = PullRequestBoomerUITests;
			productName = PullRequestBoomerUITests;
			productReference = 60B67C1223D45A2800E8295A /* PullRequestBoomerUITests.xctest */;
			productType = "com.apple.product-type.bundle.ui-testing";
		};
/* End PBXNativeTarget section */

/* Begin PBXProject section */
		60B67BE623D45A2300E8295A /* Project object */ = {
			isa = PBXProject;
			attributes = {
				LastSwiftUpdateCheck = 1130;
				LastUpgradeCheck = 1130;
				ORGANIZATIONNAME = utrpanic;
				TargetAttributes = {
					60B67BED23D45A2300E8295A = {
						CreatedOnToolsVersion = 11.3.1;
					};
					60B67C0623D45A2800E8295A = {
						CreatedOnToolsVersion = 11.3.1;
						TestTargetID = 60B67BED23D45A2300E8295A;
					};
					60B67C1123D45A2800E8295A = {
						CreatedOnToolsVersion = 11.3.1;
						TestTargetID = 60B67BED23D45A2300E8295A;
					};
				};
			};
			buildConfigurationList = 60B67BE923D45A2300E8295A /* Build configuration list for PBXProject "PullRequestBoomer" */;
			compatibilityVersion = "Xcode 9.3";
			developmentRegion = en;
			hasScannedForEncodings = 0;
			knownRegions = (
				en,
				Base,
			);
			mainGroup = 60B67BE523D45A2300E8295A;
			packageReferences = (
				8D05F20F23D9D7F500352EF9 /* XCRemoteSwiftPackageReference "box-kit-ios" */,
				8D05F21523D9D8A800352EF9 /* XCRemoteSwiftPackageReference "Alamofire" */,
			);
			productRefGroup = 60B67BEF23D45A2300E8295A /* Products */;
			projectDirPath = "";
			projectRoot = "";
			targets = (
				60B67BED23D45A2300E8295A /* PullRequestBoomer */,
				60B67C0623D45A2800E8295A /* PullRequestBoomerTests */,
				60B67C1123D45A2800E8295A /* PullRequestBoomerUITests */,
			);
		};
/* End PBXProject section */

/* Begin PBXResourcesBuildPhase section */
		60B67BEC23D45A2300E8295A /* Resources */ = {
			isa = PBXResourcesBuildPhase;
			buildActionMask = 2147483647;
			files = (
				60B67C0123D45A2700E8295A /* LaunchScreen.storyboard in Resources */,
				60B67BFE23D45A2700E8295A /* Preview Assets.xcassets in Resources */,
				8D05F23F23DABA0400352EF9 /* GoogleService-Info.plist in Resources */,
				60B67C4A23D45BEA00E8295A /* README.md in Resources */,
				60B67BFB23D45A2700E8295A /* Assets.xcassets in Resources */,
			);
			runOnlyForDeploymentPostprocessing = 0;
		};
		60B67C0523D45A2800E8295A /* Resources */ = {
			isa = PBXResourcesBuildPhase;
			buildActionMask = 2147483647;
			files = (
			);
			runOnlyForDeploymentPostprocessing = 0;
		};
		60B67C1023D45A2800E8295A /* Resources */ = {
			isa = PBXResourcesBuildPhase;
			buildActionMask = 2147483647;
			files = (
			);
			runOnlyForDeploymentPostprocessing = 0;
		};
/* End PBXResourcesBuildPhase section */

/* Begin PBXSourcesBuildPhase section */
		60B67BEA23D45A2300E8295A /* Sources */ = {
			isa = PBXSourcesBuildPhase;
			buildActionMask = 2147483647;
			files = (
				60B67BF723D45A2300E8295A /* PullRequestBoomer.xcdatamodeld in Sources */,
				60B67BF223D45A2300E8295A /* AppDelegate.swift in Sources */,
				60B67BF923D45A2300E8295A /* ContentView.swift in Sources */,
				60B67BF423D45A2300E8295A /* SceneDelegate.swift in Sources */,
			);
			runOnlyForDeploymentPostprocessing = 0;
		};
		60B67C0323D45A2800E8295A /* Sources */ = {
			isa = PBXSourcesBuildPhase;
			buildActionMask = 2147483647;
			files = (
				60B67C0C23D45A2800E8295A /* PullRequestBoomerTests.swift in Sources */,
			);
			runOnlyForDeploymentPostprocessing = 0;
		};
		60B67C0E23D45A2800E8295A /* Sources */ = {
			isa = PBXSourcesBuildPhase;
			buildActionMask = 2147483647;
			files = (
				60B67C1723D45A2800E8295A /* PullRequestBoomerUITests.swift in Sources */,
			);
			runOnlyForDeploymentPostprocessing = 0;
		};
/* End PBXSourcesBuildPhase section */

/* Begin PBXTargetDependency section */
		60B67C0923D45A2800E8295A /* PBXTargetDependency */ = {
			isa = PBXTargetDependency;
			target = 60B67BED23D45A2300E8295A /* PullRequestBoomer */;
			targetProxy = 60B67C0823D45A2800E8295A /* PBXContainerItemProxy */;
		};
		60B67C1423D45A2800E8295A /* PBXTargetDependency */ = {
			isa = PBXTargetDependency;
			target = 60B67BED23D45A2300E8295A /* PullRequestBoomer */;
			targetProxy = 60B67C1323D45A2800E8295A /* PBXContainerItemProxy */;
		};
/* End PBXTargetDependency section */

/* Begin PBXVariantGroup section */
		60B67BFF23D45A2700E8295A /* LaunchScreen.storyboard */ = {
			isa = PBXVariantGroup;
			children = (
				60B67C0023D45A2700E8295A /* Base */,
			);
			name = LaunchScreen.storyboard;
			sourceTree = "<group>";
		};
/* End PBXVariantGroup section */

/* Begin XCBuildConfiguration section */
		60B67C1923D45A2800E8295A /* Debug */ = {
			isa = XCBuildConfiguration;
			buildSettings = {
				ALWAYS_SEARCH_USER_PATHS = NO;
				CLANG_ANALYZER_NONNULL = YES;
				CLANG_ANALYZER_NUMBER_OBJECT_CONVERSION = YES_AGGRESSIVE;
				CLANG_CXX_LANGUAGE_STANDARD = "gnu++14";
				CLANG_CXX_LIBRARY = "libc++";
				CLANG_ENABLE_MODULES = YES;
				CLANG_ENABLE_OBJC_ARC = YES;
				CLANG_ENABLE_OBJC_WEAK = YES;
				CLANG_WARN_BLOCK_CAPTURE_AUTORELEASING = YES;
				CLANG_WARN_BOOL_CONVERSION = YES;
				CLANG_WARN_COMMA = YES;
				CLANG_WARN_CONSTANT_CONVERSION = YES;
				CLANG_WARN_DEPRECATED_OBJC_IMPLEMENTATIONS = YES;
				CLANG_WARN_DIRECT_OBJC_ISA_USAGE = YES_ERROR;
				CLANG_WARN_DOCUMENTATION_COMMENTS = YES;
				CLANG_WARN_EMPTY_BODY = YES;
				CLANG_WARN_ENUM_CONVERSION = YES;
				CLANG_WARN_INFINITE_RECURSION = YES;
				CLANG_WARN_INT_CONVERSION = YES;
				CLANG_WARN_NON_LITERAL_NULL_CONVERSION = YES;
				CLANG_WARN_OBJC_IMPLICIT_RETAIN_SELF = YES;
				CLANG_WARN_OBJC_LITERAL_CONVERSION = YES;
				CLANG_WARN_OBJC_ROOT_CLASS = YES_ERROR;
				CLANG_WARN_RANGE_LOOP_ANALYSIS = YES;
				CLANG_WARN_STRICT_PROTOTYPES = YES;
				CLANG_WARN_SUSPICIOUS_MOVE = YES;
				CLANG_WARN_UNGUARDED_AVAILABILITY = YES_AGGRESSIVE;
				CLANG_WARN_UNREACHABLE_CODE = YES;
				CLANG_WARN__DUPLICATE_METHOD_MATCH = YES;
				COPY_PHASE_STRIP = NO;
				DEBUG_INFORMATION_FORMAT = dwarf;
				ENABLE_STRICT_OBJC_MSGSEND = YES;
				ENABLE_TESTABILITY = YES;
				GCC_C_LANGUAGE_STANDARD = gnu11;
				GCC_DYNAMIC_NO_PIC = NO;
				GCC_NO_COMMON_BLOCKS = YES;
				GCC_OPTIMIZATION_LEVEL = 0;
				GCC_PREPROCESSOR_DEFINITIONS = (
					"DEBUG=1",
					"$(inherited)",
				);
				GCC_WARN_64_TO_32_BIT_CONVERSION = YES;
				GCC_WARN_ABOUT_RETURN_TYPE = YES_ERROR;
				GCC_WARN_UNDECLARED_SELECTOR = YES;
				GCC_WARN_UNINITIALIZED_AUTOS = YES_AGGRESSIVE;
				GCC_WARN_UNUSED_FUNCTION = YES;
				GCC_WARN_UNUSED_VARIABLE = YES;
				IPHONEOS_DEPLOYMENT_TARGET = 13.0;
				MTL_ENABLE_DEBUG_INFO = INCLUDE_SOURCE;
				MTL_FAST_MATH = YES;
				ONLY_ACTIVE_ARCH = YES;
				SDKROOT = iphoneos;
				SWIFT_ACTIVE_COMPILATION_CONDITIONS = DEBUG;
				SWIFT_OPTIMIZATION_LEVEL = "-Onone";
			};
			name = Debug;
		};
		60B67C1A23D45A2800E8295A /* Release */ = {
			isa = XCBuildConfiguration;
			buildSettings = {
				ALWAYS_SEARCH_USER_PATHS = NO;
				CLANG_ANALYZER_NONNULL = YES;
				CLANG_ANALYZER_NUMBER_OBJECT_CONVERSION = YES_AGGRESSIVE;
				CLANG_CXX_LANGUAGE_STANDARD = "gnu++14";
				CLANG_CXX_LIBRARY = "libc++";
				CLANG_ENABLE_MODULES = YES;
				CLANG_ENABLE_OBJC_ARC = YES;
				CLANG_ENABLE_OBJC_WEAK = YES;
				CLANG_WARN_BLOCK_CAPTURE_AUTORELEASING = YES;
				CLANG_WARN_BOOL_CONVERSION = YES;
				CLANG_WARN_COMMA = YES;
				CLANG_WARN_CONSTANT_CONVERSION = YES;
				CLANG_WARN_DEPRECATED_OBJC_IMPLEMENTATIONS = YES;
				CLANG_WARN_DIRECT_OBJC_ISA_USAGE = YES_ERROR;
				CLANG_WARN_DOCUMENTATION_COMMENTS = YES;
				CLANG_WARN_EMPTY_BODY = YES;
				CLANG_WARN_ENUM_CONVERSION = YES;
				CLANG_WARN_INFINITE_RECURSION = YES;
				CLANG_WARN_INT_CONVERSION = YES;
				CLANG_WARN_NON_LITERAL_NULL_CONVERSION = YES;
				CLANG_WARN_OBJC_IMPLICIT_RETAIN_SELF = YES;
				CLANG_WARN_OBJC_LITERAL_CONVERSION = YES;
				CLANG_WARN_OBJC_ROOT_CLASS = YES_ERROR;
				CLANG_WARN_RANGE_LOOP_ANALYSIS = YES;
				CLANG_WARN_STRICT_PROTOTYPES = YES;
				CLANG_WARN_SUSPICIOUS_MOVE = YES;
				CLANG_WARN_UNGUARDED_AVAILABILITY = YES_AGGRESSIVE;
				CLANG_WARN_UNREACHABLE_CODE = YES;
				CLANG_WARN__DUPLICATE_METHOD_MATCH = YES;
				COPY_PHASE_STRIP = NO;
				DEBUG_INFORMATION_FORMAT = "dwarf-with-dsym";
				ENABLE_NS_ASSERTIONS = NO;
				ENABLE_STRICT_OBJC_MSGSEND = YES;
				GCC_C_LANGUAGE_STANDARD = gnu11;
				GCC_NO_COMMON_BLOCKS = YES;
				GCC_WARN_64_TO_32_BIT_CONVERSION = YES;
				GCC_WARN_ABOUT_RETURN_TYPE = YES_ERROR;
				GCC_WARN_UNDECLARED_SELECTOR = YES;
				GCC_WARN_UNINITIALIZED_AUTOS = YES_AGGRESSIVE;
				GCC_WARN_UNUSED_FUNCTION = YES;
				GCC_WARN_UNUSED_VARIABLE = YES;
				IPHONEOS_DEPLOYMENT_TARGET = 13.0;
				MTL_ENABLE_DEBUG_INFO = NO;
				MTL_FAST_MATH = YES;
				SDKROOT = iphoneos;
				SWIFT_COMPILATION_MODE = wholemodule;
				SWIFT_OPTIMIZATION_LEVEL = "-O";
				VALIDATE_PRODUCT = YES;
			};
			name = Release;
		};
		60B67C1C23D45A2800E8295A /* Debug */ = {
			isa = XCBuildConfiguration;
			buildSettings = {
				ASSETCATALOG_COMPILER_APPICON_NAME = AppIcon;
				CODE_SIGN_ENTITLEMENTS = PullRequestBoomer/PullRequestBoomer.entitlements;
				CODE_SIGN_IDENTITY = "Apple Development";
				"CODE_SIGN_IDENTITY[sdk=macosx*]" = "Apple Development";
				CODE_SIGN_STYLE = Automatic;
				DERIVE_MACCATALYST_PRODUCT_BUNDLE_IDENTIFIER = YES;
				DEVELOPMENT_ASSET_PATHS = "\"PullRequestBoomer/Preview Content\"";
				DEVELOPMENT_TEAM = L94QTT73WH;
				ENABLE_PREVIEWS = YES;
				FRAMEWORK_SEARCH_PATHS = (
					"$(inherited)",
					"$(PROJECT_DIR)/Libraries/FirebaseAnalytics",
					"$(PROJECT_DIR)/Libraries/FirebaseAuth",
					"$(PROJECT_DIR)/Libraries/FirebaseCrashlytics",
				);
				INFOPLIST_FILE = PullRequestBoomer/Info.plist;
				IPHONEOS_DEPLOYMENT_TARGET = 13.0;
				LD_RUNPATH_SEARCH_PATHS = (
					"$(inherited)",
					"@executable_path/Frameworks",
				);
				PRODUCT_BUNDLE_IDENTIFIER = dev.utrpanic.PullRequestBoomer;
				PRODUCT_NAME = "$(TARGET_NAME)";
				PROVISIONING_PROFILE_SPECIFIER = "";
				"PROVISIONING_PROFILE_SPECIFIER[sdk=macosx*]" = "";
				SUPPORTS_MACCATALYST = YES;
				SWIFT_VERSION = 5.0;
				TARGETED_DEVICE_FAMILY = "1,2";
			};
			name = Debug;
		};
		60B67C1D23D45A2800E8295A /* Release */ = {
			isa = XCBuildConfiguration;
			buildSettings = {
				ASSETCATALOG_COMPILER_APPICON_NAME = AppIcon;
				CODE_SIGN_ENTITLEMENTS = PullRequestBoomer/PullRequestBoomer.entitlements;
				CODE_SIGN_IDENTITY = "Apple Development";
				"CODE_SIGN_IDENTITY[sdk=macosx*]" = "Apple Development";
				CODE_SIGN_STYLE = Automatic;
				DERIVE_MACCATALYST_PRODUCT_BUNDLE_IDENTIFIER = YES;
				DEVELOPMENT_ASSET_PATHS = "\"PullRequestBoomer/Preview Content\"";
				DEVELOPMENT_TEAM = L94QTT73WH;
				ENABLE_PREVIEWS = YES;
				FRAMEWORK_SEARCH_PATHS = (
					"$(inherited)",
					"$(PROJECT_DIR)/Libraries/FirebaseAnalytics",
					"$(PROJECT_DIR)/Libraries/FirebaseAuth",
					"$(PROJECT_DIR)/Libraries/FirebaseCrashlytics",
				);
				INFOPLIST_FILE = PullRequestBoomer/Info.plist;
				IPHONEOS_DEPLOYMENT_TARGET = 13.0;
				LD_RUNPATH_SEARCH_PATHS = (
					"$(inherited)",
					"@executable_path/Frameworks",
				);
				PRODUCT_BUNDLE_IDENTIFIER = dev.utrpanic.PullRequestBoomer;
				PRODUCT_NAME = "$(TARGET_NAME)";
				PROVISIONING_PROFILE_SPECIFIER = "";
				"PROVISIONING_PROFILE_SPECIFIER[sdk=macosx*]" = "";
				SUPPORTS_MACCATALYST = YES;
				SWIFT_VERSION = 5.0;
				TARGETED_DEVICE_FAMILY = "1,2";
			};
			name = Release;
		};
		60B67C1F23D45A2800E8295A /* Debug */ = {
			isa = XCBuildConfiguration;
			buildSettings = {
				ALWAYS_EMBED_SWIFT_STANDARD_LIBRARIES = YES;
				BUNDLE_LOADER = "$(TEST_HOST)";
				CODE_SIGN_STYLE = Automatic;
				INFOPLIST_FILE = PullRequestBoomerTests/Info.plist;
				IPHONEOS_DEPLOYMENT_TARGET = 13.2;
				LD_RUNPATH_SEARCH_PATHS = (
					"$(inherited)",
					"@executable_path/Frameworks",
					"@loader_path/Frameworks",
				);
				PRODUCT_BUNDLE_IDENTIFIER = dev.utrpanic.PullRequestBoomerTests;
				PRODUCT_NAME = "$(TARGET_NAME)";
				SWIFT_VERSION = 5.0;
				TARGETED_DEVICE_FAMILY = "1,2";
				TEST_HOST = "$(BUILT_PRODUCTS_DIR)/PullRequestBoomer.app/PullRequestBoomer";
			};
			name = Debug;
		};
		60B67C2023D45A2800E8295A /* Release */ = {
			isa = XCBuildConfiguration;
			buildSettings = {
				ALWAYS_EMBED_SWIFT_STANDARD_LIBRARIES = YES;
				BUNDLE_LOADER = "$(TEST_HOST)";
				CODE_SIGN_STYLE = Automatic;
				INFOPLIST_FILE = PullRequestBoomerTests/Info.plist;
				IPHONEOS_DEPLOYMENT_TARGET = 13.2;
				LD_RUNPATH_SEARCH_PATHS = (
					"$(inherited)",
					"@executable_path/Frameworks",
					"@loader_path/Frameworks",
				);
				PRODUCT_BUNDLE_IDENTIFIER = dev.utrpanic.PullRequestBoomerTests;
				PRODUCT_NAME = "$(TARGET_NAME)";
				SWIFT_VERSION = 5.0;
				TARGETED_DEVICE_FAMILY = "1,2";
				TEST_HOST = "$(BUILT_PRODUCTS_DIR)/PullRequestBoomer.app/PullRequestBoomer";
			};
			name = Release;
		};
		60B67C2223D45A2800E8295A /* Debug */ = {
			isa = XCBuildConfiguration;
			buildSettings = {
				ALWAYS_EMBED_SWIFT_STANDARD_LIBRARIES = YES;
				CODE_SIGN_STYLE = Automatic;
				INFOPLIST_FILE = PullRequestBoomerUITests/Info.plist;
				LD_RUNPATH_SEARCH_PATHS = (
					"$(inherited)",
					"@executable_path/Frameworks",
					"@loader_path/Frameworks",
				);
				PRODUCT_BUNDLE_IDENTIFIER = dev.utrpanic.PullRequestBoomerUITests;
				PRODUCT_NAME = "$(TARGET_NAME)";
				SWIFT_VERSION = 5.0;
				TARGETED_DEVICE_FAMILY = "1,2";
				TEST_TARGET_NAME = PullRequestBoomer;
			};
			name = Debug;
		};
		60B67C2323D45A2800E8295A /* Release */ = {
			isa = XCBuildConfiguration;
			buildSettings = {
				ALWAYS_EMBED_SWIFT_STANDARD_LIBRARIES = YES;
				CODE_SIGN_STYLE = Automatic;
				INFOPLIST_FILE = PullRequestBoomerUITests/Info.plist;
				LD_RUNPATH_SEARCH_PATHS = (
					"$(inherited)",
					"@executable_path/Frameworks",
					"@loader_path/Frameworks",
				);
				PRODUCT_BUNDLE_IDENTIFIER = dev.utrpanic.PullRequestBoomerUITests;
				PRODUCT_NAME = "$(TARGET_NAME)";
				SWIFT_VERSION = 5.0;
				TARGETED_DEVICE_FAMILY = "1,2";
				TEST_TARGET_NAME = PullRequestBoomer;
			};
			name = Release;
		};
/* End XCBuildConfiguration section */

/* Begin XCConfigurationList section */
		60B67BE923D45A2300E8295A /* Build configuration list for PBXProject "PullRequestBoomer" */ = {
			isa = XCConfigurationList;
			buildConfigurations = (
				60B67C1923D45A2800E8295A /* Debug */,
				60B67C1A23D45A2800E8295A /* Release */,
			);
			defaultConfigurationIsVisible = 0;
			defaultConfigurationName = Release;
		};
		60B67C1B23D45A2800E8295A /* Build configuration list for PBXNativeTarget "PullRequestBoomer" */ = {
			isa = XCConfigurationList;
			buildConfigurations = (
				60B67C1C23D45A2800E8295A /* Debug */,
				60B67C1D23D45A2800E8295A /* Release */,
			);
			defaultConfigurationIsVisible = 0;
			defaultConfigurationName = Release;
		};
		60B67C1E23D45A2800E8295A /* Build configuration list for PBXNativeTarget "PullRequestBoomerTests" */ = {
			isa = XCConfigurationList;
			buildConfigurations = (
				60B67C1F23D45A2800E8295A /* Debug */,
				60B67C2023D45A2800E8295A /* Release */,
			);
			defaultConfigurationIsVisible = 0;
			defaultConfigurationName = Release;
		};
		60B67C2123D45A2800E8295A /* Build configuration list for PBXNativeTarget "PullRequestBoomerUITests" */ = {
			isa = XCConfigurationList;
			buildConfigurations = (
				60B67C2223D45A2800E8295A /* Debug */,
				60B67C2323D45A2800E8295A /* Release */,
			);
			defaultConfigurationIsVisible = 0;
			defaultConfigurationName = Release;
		};
/* End XCConfigurationList section */

/* Begin XCRemoteSwiftPackageReference section */
		8D05F20F23D9D7F500352EF9 /* XCRemoteSwiftPackageReference "box-kit-ios" */ = {
			isa = XCRemoteSwiftPackageReference;
			repositoryURL = "https://github.com/utrpanic/box-kit-ios";
			requirement = {
				kind = upToNextMajorVersion;
				minimumVersion = 2.0.0;
			};
		};
		8D05F21523D9D8A800352EF9 /* XCRemoteSwiftPackageReference "Alamofire" */ = {
			isa = XCRemoteSwiftPackageReference;
			repositoryURL = "https://github.com/Alamofire/Alamofire";
			requirement = {
				kind = upToNextMajorVersion;
				minimumVersion = 4.0.0;
			};
		};
/* End XCRemoteSwiftPackageReference section */

/* Begin XCSwiftPackageProductDependency section */
		8D05F21023D9D7F500352EF9 /* BoxKit */ = {
			isa = XCSwiftPackageProductDependency;
			package = 8D05F20F23D9D7F500352EF9 /* XCRemoteSwiftPackageReference "box-kit-ios" */;
			productName = BoxKit;
		};
		8D05F21623D9D8A800352EF9 /* Alamofire */ = {
			isa = XCSwiftPackageProductDependency;
			package = 8D05F21523D9D8A800352EF9 /* XCRemoteSwiftPackageReference "Alamofire" */;
			productName = Alamofire;
		};
/* End XCSwiftPackageProductDependency section */

/* Begin XCVersionGroup section */
		60B67BF523D45A2300E8295A /* PullRequestBoomer.xcdatamodeld */ = {
			isa = XCVersionGroup;
			children = (
				60B67BF623D45A2300E8295A /* PullRequestBoomer.xcdatamodel */,
			);
			currentVersion = 60B67BF623D45A2300E8295A /* PullRequestBoomer.xcdatamodel */;
			path = PullRequestBoomer.xcdatamodeld;
			sourceTree = "<group>";
			versionGroupType = wrapper.xcdatamodel;
		};
/* End XCVersionGroup section */
	};
	rootObject = 60B67BE623D45A2300E8295A /* Project object */;
}
